// !$*UTF8*$!
{
	archiveVersion = 1;
	classes = {
	};
	objectVersion = 56;
	objects = {

/* Begin PBXBuildFile section */
		D72F8BB32B307E5100FF8B6D /* WeatherRow.swift in Sources */ = {isa = PBXBuildFile; fileRef = D72F8BB22B307E5100FF8B6D /* WeatherRow.swift */; };
		D757CB892B305BE10072E261 /* LoadingView.swift in Sources */ = {isa = PBXBuildFile; fileRef = D757CB882B305BE10072E261 /* LoadingView.swift */; };
		D757CB8B2B305EA60072E261 /* WeatherManager.swift in Sources */ = {isa = PBXBuildFile; fileRef = D757CB8A2B305EA60072E261 /* WeatherManager.swift */; };
		D757CB902B306EC10072E261 /* WeatherView.swift in Sources */ = {isa = PBXBuildFile; fileRef = D757CB8F2B306EC10072E261 /* WeatherView.swift */; };
		D757CB922B306F830072E261 /* ModelData.swift in Sources */ = {isa = PBXBuildFile; fileRef = D757CB912B306F830072E261 /* ModelData.swift */; };
		D757CB942B306F9C0072E261 /* weatherData.json in Resources */ = {isa = PBXBuildFile; fileRef = D757CB932B306F9C0072E261 /* weatherData.json */; };
		D757CB972B3071C90072E261 /* Extensions.swift in Sources */ = {isa = PBXBuildFile; fileRef = D757CB962B3071C90072E261 /* Extensions.swift */; };
		D7A18F332B3188E3001CBE19 /* WeatherViewModel.swift in Sources */ = {isa = PBXBuildFile; fileRef = D7A18F322B3188E3001CBE19 /* WeatherViewModel.swift */; };
		D7FD12272B303AA4007C7370 /* weatherappApp.swift in Sources */ = {isa = PBXBuildFile; fileRef = D7FD12262B303AA4007C7370 /* weatherappApp.swift */; };
		D7FD12292B303AA4007C7370 /* ContentView.swift in Sources */ = {isa = PBXBuildFile; fileRef = D7FD12282B303AA4007C7370 /* ContentView.swift */; };
		D7FD122B2B303AA7007C7370 /* Assets.xcassets in Resources */ = {isa = PBXBuildFile; fileRef = D7FD122A2B303AA7007C7370 /* Assets.xcassets */; };
		D7FD122E2B303AA7007C7370 /* Preview Assets.xcassets in Resources */ = {isa = PBXBuildFile; fileRef = D7FD122D2B303AA7007C7370 /* Preview Assets.xcassets */; };
		D7FD12362B303EB4007C7370 /* LocationManager.swift in Sources */ = {isa = PBXBuildFile; fileRef = D7FD12352B303EB4007C7370 /* LocationManager.swift */; };
		D7FD12392B30403C007C7370 /* WelcomeView.swift in Sources */ = {isa = PBXBuildFile; fileRef = D7FD12382B30403C007C7370 /* WelcomeView.swift */; };
/* End PBXBuildFile section */

/* Begin PBXFileReference section */
		D72F8BB22B307E5100FF8B6D /* WeatherRow.swift */ = {isa = PBXFileReference; lastKnownFileType = sourcecode.swift; path = WeatherRow.swift; sourceTree = "<group>"; };
		D757CB882B305BE10072E261 /* LoadingView.swift */ = {isa = PBXFileReference; lastKnownFileType = sourcecode.swift; path = LoadingView.swift; sourceTree = "<group>"; };
		D757CB8A2B305EA60072E261 /* WeatherManager.swift */ = {isa = PBXFileReference; lastKnownFileType = sourcecode.swift; path = WeatherManager.swift; sourceTree = "<group>"; };
		D757CB8F2B306EC10072E261 /* WeatherView.swift */ = {isa = PBXFileReference; lastKnownFileType = sourcecode.swift; path = WeatherView.swift; sourceTree = "<group>"; };
		D757CB912B306F830072E261 /* ModelData.swift */ = {isa = PBXFileReference; lastKnownFileType = sourcecode.swift; path = ModelData.swift; sourceTree = "<group>"; };
		D757CB932B306F9C0072E261 /* weatherData.json */ = {isa = PBXFileReference; lastKnownFileType = text.json; path = weatherData.json; sourceTree = "<group>"; };
		D757CB962B3071C90072E261 /* Extensions.swift */ = {isa = PBXFileReference; lastKnownFileType = sourcecode.swift; path = Extensions.swift; sourceTree = "<group>"; };
		D7A18F322B3188E3001CBE19 /* WeatherViewModel.swift */ = {isa = PBXFileReference; lastKnownFileType = sourcecode.swift; path = WeatherViewModel.swift; sourceTree = "<group>"; };
		D7FD12232B303AA4007C7370 /* weatherapp.app */ = {isa = PBXFileReference; explicitFileType = wrapper.application; includeInIndex = 0; path = weatherapp.app; sourceTree = BUILT_PRODUCTS_DIR; };
		D7FD12262B303AA4007C7370 /* weatherappApp.swift */ = {isa = PBXFileReference; lastKnownFileType = sourcecode.swift; path = weatherappApp.swift; sourceTree = "<group>"; };
		D7FD12282B303AA4007C7370 /* ContentView.swift */ = {isa = PBXFileReference; lastKnownFileType = sourcecode.swift; path = ContentView.swift; sourceTree = "<group>"; };
		D7FD122A2B303AA7007C7370 /* Assets.xcassets */ = {isa = PBXFileReference; lastKnownFileType = folder.assetcatalog; path = Assets.xcassets; sourceTree = "<group>"; };
		D7FD122D2B303AA7007C7370 /* Preview Assets.xcassets */ = {isa = PBXFileReference; lastKnownFileType = folder.assetcatalog; path = "Preview Assets.xcassets"; sourceTree = "<group>"; };
		D7FD12352B303EB4007C7370 /* LocationManager.swift */ = {isa = PBXFileReference; lastKnownFileType = sourcecode.swift; path = LocationManager.swift; sourceTree = "<group>"; };
		D7FD12382B30403C007C7370 /* WelcomeView.swift */ = {isa = PBXFileReference; lastKnownFileType = sourcecode.swift; path = WelcomeView.swift; sourceTree = "<group>"; };
/* End PBXFileReference section */

/* Begin PBXFrameworksBuildPhase section */
		D7FD12202B303AA4007C7370 /* Frameworks */ = {
			isa = PBXFrameworksBuildPhase;
			buildActionMask = 2147483647;
			files = (
			);
			runOnlyForDeploymentPostprocessing = 0;
		};
/* End PBXFrameworksBuildPhase section */

/* Begin PBXGroup section */
		D72F8BB12B307E3200FF8B6D /* Components */ = {
			isa = PBXGroup;
			children = (
				D72F8BB22B307E5100FF8B6D /* WeatherRow.swift */,
			);
			path = Components;
			sourceTree = "<group>";
		};
		D757CB952B3071BB0072E261 /* Extensions */ = {
			isa = PBXGroup;
			children = (
				D757CB962B3071C90072E261 /* Extensions.swift */,
			);
			path = Extensions;
			sourceTree = "<group>";
		};
		D7A18F312B3188D2001CBE19 /* ViewModels */ = {
			isa = PBXGroup;
			children = (
				D7A18F322B3188E3001CBE19 /* WeatherViewModel.swift */,
			);
			path = ViewModels;
			sourceTree = "<group>";
		};
		D7FD121A2B303AA4007C7370 = {
			isa = PBXGroup;
			children = (
				D7FD12252B303AA4007C7370 /* weatherapp */,
				D7FD12242B303AA4007C7370 /* Products */,
			);
			sourceTree = "<group>";
		};
		D7FD12242B303AA4007C7370 /* Products */ = {
			isa = PBXGroup;
			children = (
				D7FD12232B303AA4007C7370 /* weatherapp.app */,
			);
			name = Products;
			sourceTree = "<group>";
		};
		D7FD12252B303AA4007C7370 /* weatherapp */ = {
			isa = PBXGroup;
			children = (
				D7A18F312B3188D2001CBE19 /* ViewModels */,
				D72F8BB12B307E3200FF8B6D /* Components */,
				D757CB952B3071BB0072E261 /* Extensions */,
				D7FD12372B303FFF007C7370 /* Views */,
				D7FD12342B303E99007C7370 /* Managers */,
				D7FD12262B303AA4007C7370 /* weatherappApp.swift */,
				D7FD122A2B303AA7007C7370 /* Assets.xcassets */,
				D7FD122C2B303AA7007C7370 /* Preview Content */,
			);
			path = weatherapp;
			sourceTree = "<group>";
		};
		D7FD122C2B303AA7007C7370 /* Preview Content */ = {
			isa = PBXGroup;
			children = (
				D7FD122D2B303AA7007C7370 /* Preview Assets.xcassets */,
				D757CB912B306F830072E261 /* ModelData.swift */,
				D757CB932B306F9C0072E261 /* weatherData.json */,
			);
			path = "Preview Content";
			sourceTree = "<group>";
		};
		D7FD12342B303E99007C7370 /* Managers */ = {
			isa = PBXGroup;
			children = (
				D7FD12352B303EB4007C7370 /* LocationManager.swift */,
				D757CB8A2B305EA60072E261 /* WeatherManager.swift */,
			);
			path = Managers;
			sourceTree = "<group>";
		};
		D7FD12372B303FFF007C7370 /* Views */ = {
			isa = PBXGroup;
			children = (
				D7FD12282B303AA4007C7370 /* ContentView.swift */,
				D7FD12382B30403C007C7370 /* WelcomeView.swift */,
				D757CB882B305BE10072E261 /* LoadingView.swift */,
				D757CB8F2B306EC10072E261 /* WeatherView.swift */,
			);
			path = Views;
			sourceTree = "<group>";
		};
/* End PBXGroup section */

/* Begin PBXNativeTarget section */
		D7FD12222B303AA4007C7370 /* weatherapp */ = {
			isa = PBXNativeTarget;
			buildConfigurationList = D7FD12312B303AA7007C7370 /* Build configuration list for PBXNativeTarget "weatherapp" */;
			buildPhases = (
				D7FD121F2B303AA4007C7370 /* Sources */,
				D7FD12202B303AA4007C7370 /* Frameworks */,
				D7FD12212B303AA4007C7370 /* Resources */,
			);
			buildRules = (
			);
			dependencies = (
			);
			name = weatherapp;
			productName = weatherapp;
			productReference = D7FD12232B303AA4007C7370 /* weatherapp.app */;
			productType = "com.apple.product-type.application";
		};
/* End PBXNativeTarget section */

/* Begin PBXProject section */
		D7FD121B2B303AA4007C7370 /* Project object */ = {
			isa = PBXProject;
			attributes = {
				BuildIndependentTargetsInParallel = 1;
				LastSwiftUpdateCheck = 1510;
				LastUpgradeCheck = 1510;
				TargetAttributes = {
					D7FD12222B303AA4007C7370 = {
						CreatedOnToolsVersion = 15.1;
					};
				};
			};
			buildConfigurationList = D7FD121E2B303AA4007C7370 /* Build configuration list for PBXProject "weatherapp" */;
			compatibilityVersion = "Xcode 14.0";
			developmentRegion = en;
			hasScannedForEncodings = 0;
			knownRegions = (
				en,
				Base,
			);
			mainGroup = D7FD121A2B303AA4007C7370;
			productRefGroup = D7FD12242B303AA4007C7370 /* Products */;
			projectDirPath = "";
			projectRoot = "";
			targets = (
				D7FD12222B303AA4007C7370 /* weatherapp */,
			);
		};
/* End PBXProject section */

/* Begin PBXResourcesBuildPhase section */
		D7FD12212B303AA4007C7370 /* Resources */ = {
			isa = PBXResourcesBuildPhase;
			buildActionMask = 2147483647;
			files = (
				D7FD122E2B303AA7007C7370 /* Preview Assets.xcassets in Resources */,
				D757CB942B306F9C0072E261 /* weatherData.json in Resources */,
				D7FD122B2B303AA7007C7370 /* Assets.xcassets in Resources */,
			);
			runOnlyForDeploymentPostprocessing = 0;
		};
/* End PBXResourcesBuildPhase section */

/* Begin PBXSourcesBuildPhase section */
		D7FD121F2B303AA4007C7370 /* Sources */ = {
			isa = PBXSourcesBuildPhase;
			buildActionMask = 2147483647;
			files = (
				D72F8BB32B307E5100FF8B6D /* WeatherRow.swift in Sources */,
				D757CB8B2B305EA60072E261 /* WeatherManager.swift in Sources */,
				D7FD12292B303AA4007C7370 /* ContentView.swift in Sources */,
				D7A18F332B3188E3001CBE19 /* WeatherViewModel.swift in Sources */,
				D757CB922B306F830072E261 /* ModelData.swift in Sources */,
				D7FD12272B303AA4007C7370 /* weatherappApp.swift in Sources */,
				D7FD12362B303EB4007C7370 /* LocationManager.swift in Sources */,
				D757CB972B3071C90072E261 /* Extensions.swift in Sources */,
				D757CB892B305BE10072E261 /* LoadingView.swift in Sources */,
				D7FD12392B30403C007C7370 /* WelcomeView.swift in Sources */,
				D757CB902B306EC10072E261 /* WeatherView.swift in Sources */,
			);
			runOnlyForDeploymentPostprocessing = 0;
		};
/* End PBXSourcesBuildPhase section */

/* Begin XCBuildConfiguration section */
		D7FD122F2B303AA7007C7370 /* Debug */ = {
			isa = XCBuildConfiguration;
			buildSettings = {
				ALWAYS_SEARCH_USER_PATHS = NO;
				ASSETCATALOG_COMPILER_GENERATE_SWIFT_ASSET_SYMBOL_EXTENSIONS = YES;
				CLANG_ANALYZER_NONNULL = YES;
				CLANG_ANALYZER_NUMBER_OBJECT_CONVERSION = YES_AGGRESSIVE;
				CLANG_CXX_LANGUAGE_STANDARD = "gnu++20";
				CLANG_ENABLE_MODULES = YES;
				CLANG_ENABLE_OBJC_ARC = YES;
				CLANG_ENABLE_OBJC_WEAK = YES;
				CLANG_WARN_BLOCK_CAPTURE_AUTORELEASING = YES;
				CLANG_WARN_BOOL_CONVERSION = YES;
				CLANG_WARN_COMMA = YES;
				CLANG_WARN_CONSTANT_CONVERSION = YES;
				CLANG_WARN_DEPRECATED_OBJC_IMPLEMENTATIONS = YES;
				CLANG_WARN_DIRECT_OBJC_ISA_USAGE = YES_ERROR;
				CLANG_WARN_DOCUMENTATION_COMMENTS = YES;
				CLANG_WARN_EMPTY_BODY = YES;
				CLANG_WARN_ENUM_CONVERSION = YES;
				CLANG_WARN_INFINITE_RECURSION = YES;
				CLANG_WARN_INT_CONVERSION = YES;
				CLANG_WARN_NON_LITERAL_NULL_CONVERSION = YES;
				CLANG_WARN_OBJC_IMPLICIT_RETAIN_SELF = YES;
				CLANG_WARN_OBJC_LITERAL_CONVERSION = YES;
				CLANG_WARN_OBJC_ROOT_CLASS = YES_ERROR;
				CLANG_WARN_QUOTED_INCLUDE_IN_FRAMEWORK_HEADER = YES;
				CLANG_WARN_RANGE_LOOP_ANALYSIS = YES;
				CLANG_WARN_STRICT_PROTOTYPES = YES;
				CLANG_WARN_SUSPICIOUS_MOVE = YES;
				CLANG_WARN_UNGUARDED_AVAILABILITY = YES_AGGRESSIVE;
				CLANG_WARN_UNREACHABLE_CODE = YES;
				CLANG_WARN__DUPLICATE_METHOD_MATCH = YES;
				COPY_PHASE_STRIP = NO;
				DEBUG_INFORMATION_FORMAT = dwarf;
				ENABLE_STRICT_OBJC_MSGSEND = YES;
				ENABLE_TESTABILITY = YES;
				ENABLE_USER_SCRIPT_SANDBOXING = YES;
				GCC_C_LANGUAGE_STANDARD = gnu17;
				GCC_DYNAMIC_NO_PIC = NO;
				GCC_NO_COMMON_BLOCKS = YES;
				GCC_OPTIMIZATION_LEVEL = 0;
				GCC_PREPROCESSOR_DEFINITIONS = (
					"DEBUG=1",
					"$(inherited)",
				);
				GCC_WARN_64_TO_32_BIT_CONVERSION = YES;
				GCC_WARN_ABOUT_RETURN_TYPE = YES_ERROR;
				GCC_WARN_UNDECLARED_SELECTOR = YES;
				GCC_WARN_UNINITIALIZED_AUTOS = YES_AGGRESSIVE;
				GCC_WARN_UNUSED_FUNCTION = YES;
				GCC_WARN_UNUSED_VARIABLE = YES;
				IPHONEOS_DEPLOYMENT_TARGET = 17.2;
				LOCALIZATION_PREFERS_STRING_CATALOGS = YES;
				MTL_ENABLE_DEBUG_INFO = INCLUDE_SOURCE;
				MTL_FAST_MATH = YES;
				ONLY_ACTIVE_ARCH = YES;
				SDKROOT = iphoneos;
				SWIFT_ACTIVE_COMPILATION_CONDITIONS = "DEBUG $(inherited)";
				SWIFT_OPTIMIZATION_LEVEL = "-Onone";
			};
			name = Debug;
		};
		D7FD12302B303AA7007C7370 /* Release */ = {
			isa = XCBuildConfiguration;
			buildSettings = {
				ALWAYS_SEARCH_USER_PATHS = NO;
				ASSETCATALOG_COMPILER_GENERATE_SWIFT_ASSET_SYMBOL_EXTENSIONS = YES;
				CLANG_ANALYZER_NONNULL = YES;
				CLANG_ANALYZER_NUMBER_OBJECT_CONVERSION = YES_AGGRESSIVE;
				CLANG_CXX_LANGUAGE_STANDARD = "gnu++20";
				CLANG_ENABLE_MODULES = YES;
				CLANG_ENABLE_OBJC_ARC = YES;
				CLANG_ENABLE_OBJC_WEAK = YES;
				CLANG_WARN_BLOCK_CAPTURE_AUTORELEASING = YES;
				CLANG_WARN_BOOL_CONVERSION = YES;
				CLANG_WARN_COMMA = YES;
				CLANG_WARN_CONSTANT_CONVERSION = YES;
				CLANG_WARN_DEPRECATED_OBJC_IMPLEMENTATIONS = YES;
				CLANG_WARN_DIRECT_OBJC_ISA_USAGE = YES_ERROR;
				CLANG_WARN_DOCUMENTATION_COMMENTS = YES;
				CLANG_WARN_EMPTY_BODY = YES;
				CLANG_WARN_ENUM_CONVERSION = YES;
				CLANG_WARN_INFINITE_RECURSION = YES;
				CLANG_WARN_INT_CONVERSION = YES;
				CLANG_WARN_NON_LITERAL_NULL_CONVERSION = YES;
				CLANG_WARN_OBJC_IMPLICIT_RETAIN_SELF = YES;
				CLANG_WARN_OBJC_LITERAL_CONVERSION = YES;
				CLANG_WARN_OBJC_ROOT_CLASS = YES_ERROR;
				CLANG_WARN_QUOTED_INCLUDE_IN_FRAMEWORK_HEADER = YES;
				CLANG_WARN_RANGE_LOOP_ANALYSIS = YES;
				CLANG_WARN_STRICT_PROTOTYPES = YES;
				CLANG_WARN_SUSPICIOUS_MOVE = YES;
				CLANG_WARN_UNGUARDED_AVAILABILITY = YES_AGGRESSIVE;
				CLANG_WARN_UNREACHABLE_CODE = YES;
				CLANG_WARN__DUPLICATE_METHOD_MATCH = YES;
				COPY_PHASE_STRIP = NO;
				DEBUG_INFORMATION_FORMAT = "dwarf-with-dsym";
				ENABLE_NS_ASSERTIONS = NO;
				ENABLE_STRICT_OBJC_MSGSEND = YES;
				ENABLE_USER_SCRIPT_SANDBOXING = YES;
				GCC_C_LANGUAGE_STANDARD = gnu17;
				GCC_NO_COMMON_BLOCKS = YES;
				GCC_WARN_64_TO_32_BIT_CONVERSION = YES;
				GCC_WARN_ABOUT_RETURN_TYPE = YES_ERROR;
				GCC_WARN_UNDECLARED_SELECTOR = YES;
				GCC_WARN_UNINITIALIZED_AUTOS = YES_AGGRESSIVE;
				GCC_WARN_UNUSED_FUNCTION = YES;
				GCC_WARN_UNUSED_VARIABLE = YES;
				IPHONEOS_DEPLOYMENT_TARGET = 17.2;
				LOCALIZATION_PREFERS_STRING_CATALOGS = YES;
				MTL_ENABLE_DEBUG_INFO = NO;
				MTL_FAST_MATH = YES;
				SDKROOT = iphoneos;
				SWIFT_COMPILATION_MODE = wholemodule;
				VALIDATE_PRODUCT = YES;
			};
			name = Release;
		};
		D7FD12322B303AA7007C7370 /* Debug */ = {
			isa = XCBuildConfiguration;
			buildSettings = {
				ASSETCATALOG_COMPILER_APPICON_NAME = AppIcon;
				ASSETCATALOG_COMPILER_GLOBAL_ACCENT_COLOR_NAME = AccentColor;
				CODE_SIGN_STYLE = Automatic;
				CURRENT_PROJECT_VERSION = 1;
				DEVELOPMENT_ASSET_PATHS = "\"weatherapp/Preview Content\"";
				DEVELOPMENT_TEAM = 795Z8BNJX8;
				ENABLE_PREVIEWS = YES;
				GENERATE_INFOPLIST_FILE = YES;
				INFOPLIST_KEY_CFBundleDisplayName = "Weather App";
				INFOPLIST_KEY_UIApplicationSceneManifest_Generation = YES;
				INFOPLIST_KEY_UIApplicationSupportsIndirectInputEvents = YES;
				INFOPLIST_KEY_UILaunchScreen_Generation = YES;
				INFOPLIST_KEY_UISupportedInterfaceOrientations_iPad = "UIInterfaceOrientationPortrait UIInterfaceOrientationPortraitUpsideDown UIInterfaceOrientationLandscapeLeft UIInterfaceOrientationLandscapeRight";
				INFOPLIST_KEY_UISupportedInterfaceOrientations_iPhone = "UIInterfaceOrientationPortrait UIInterfaceOrientationLandscapeLeft UIInterfaceOrientationLandscapeRight";
				IPHONEOS_DEPLOYMENT_TARGET = 15.0;
				LD_RUNPATH_SEARCH_PATHS = (
					"$(inherited)",
					"@executable_path/Frameworks",
				);
				MARKETING_VERSION = 1.0;
				PRODUCT_BUNDLE_IDENTIFIER = com.example.demoweather;
				PRODUCT_NAME = "$(TARGET_NAME)";
				SWIFT_EMIT_LOC_STRINGS = YES;
				SWIFT_VERSION = 5.0;
				TARGETED_DEVICE_FAMILY = "1,2";
			};
			name = Debug;
		};
		D7FD12332B303AA7007C7370 /* Release */ = {
			isa = XCBuildConfiguration;
			buildSettings = {
				ASSETCATALOG_COMPILER_APPICON_NAME = AppIcon;
				ASSETCATALOG_COMPILER_GLOBAL_ACCENT_COLOR_NAME = AccentColor;
				CODE_SIGN_STYLE = Automatic;
				CURRENT_PROJECT_VERSION = 1;
				DEVELOPMENT_ASSET_PATHS = "\"weatherapp/Preview Content\"";
				DEVELOPMENT_TEAM = 795Z8BNJX8;
				ENABLE_PREVIEWS = YES;
				GENERATE_INFOPLIST_FILE = YES;
				INFOPLIST_KEY_CFBundleDisplayName = "Weather App";
				INFOPLIST_KEY_UIApplicationSceneManifest_Generation = YES;
				INFOPLIST_KEY_UIApplicationSupportsIndirectInputEvents = YES;
				INFOPLIST_KEY_UILaunchScreen_Generation = YES;
				INFOPLIST_KEY_UISupportedInterfaceOrientations_iPad = "UIInterfaceOrientationPortrait UIInterfaceOrientationPortraitUpsideDown UIInterfaceOrientationLandscapeLeft UIInterfaceOrientationLandscapeRight";
				INFOPLIST_KEY_UISupportedInterfaceOrientations_iPhone = "UIInterfaceOrientationPortrait UIInterfaceOrientationLandscapeLeft UIInterfaceOrientationLandscapeRight";
				IPHONEOS_DEPLOYMENT_TARGET = 15.0;
				LD_RUNPATH_SEARCH_PATHS = (
					"$(inherited)",
					"@executable_path/Frameworks",
				);
				MARKETING_VERSION = 1.0;
				PRODUCT_BUNDLE_IDENTIFIER = com.example.demoweather;
				PRODUCT_NAME = "$(TARGET_NAME)";
				SWIFT_EMIT_LOC_STRINGS = YES;
				SWIFT_VERSION = 5.0;
				TARGETED_DEVICE_FAMILY = "1,2";
			};
			name = Release;
		};
/* End XCBuildConfiguration section */

/* Begin XCConfigurationList section */
		D7FD121E2B303AA4007C7370 /* Build configuration list for PBXProject "weatherapp" */ = {
			isa = XCConfigurationList;
			buildConfigurations = (
				D7FD122F2B303AA7007C7370 /* Debug */,
				D7FD12302B303AA7007C7370 /* Release */,
			);
			defaultConfigurationIsVisible = 0;
			defaultConfigurationName = Release;
		};
		D7FD12312B303AA7007C7370 /* Build configuration list for PBXNativeTarget "weatherapp" */ = {
			isa = XCConfigurationList;
			buildConfigurations = (
				D7FD12322B303AA7007C7370 /* Debug */,
				D7FD12332B303AA7007C7370 /* Release */,
			);
			defaultConfigurationIsVisible = 0;
			defaultConfigurationName = Release;
		};
/* End XCConfigurationList section */
	};
	rootObject = D7FD121B2B303AA4007C7370 /* Project object */;
}
